# THIS IS AN AUTOGENERATED FILE. DO NOT EDIT THIS FILE DIRECTLY.
# yarn lockfile v1


"@figma/plugin-typings@*":
  "integrity" "sha512-8XiX9iaguKE0YvcAon3hWv28rzJXe12OvKi6+ohPyLnF28f6msmyn/xVcoUuBCPAiMIDwOjlJHS+vwyzCiF9eA=="
  "resolved" "https://registry.npmjs.org/@figma/plugin-typings/-/plugin-typings-1.53.0.tgz"
  "version" "1.53.0"

"typescript@*":
  "integrity" "sha512-QCh+85mCy+h0IGff8r5XWzOVSbBO+KfeYrMQh7NJ58QujwcE22u+NUSmUxqF+un70P9GXKxa2HCNiTTMJknyjQ=="
  "resolved" "https://registry.npmjs.org/typescript/-/typescript-4.8.4.tgz"
  "version" "4.8.4"
